
Microsoft Visual Studio Solution File, Format Version 12.00
# Visual Studio Version 16
VisualStudioVersion = 16.0.30523.141
MinimumVisualStudioVersion = 10.0.40219.1
Project("{FAE04EC0-301F-11D3-BF4B-00C04F79EFBC}") = "Herciu_Norbert_Lab2", "Herciu_Norbert_Lab2.csproj", "{5C5C5478-9C08-4E76-97A0-0A282923CC38}"
EndProject
Global
	GlobalSection(SolutionConfigurationPlatforms) = preSolution
		Debug|Any CPU = Debug|Any CPU
		Release|Any CPU = Release|Any CPU
	EndGlobalSection
	GlobalSection(ProjectConfigurationPlatforms) = postSolution
		{5C5C5478-9C08-4E76-97A0-0A282923CC38}.Debug|Any CPU.ActiveCfg = Debug|Any CPU
		{5C5C5478-9C08-4E76-97A0-0A282923CC38}.Debug|Any CPU.Build.0 = Debug|Any CPU
		{5C5C5478-9C08-4E76-97A0-0A282923CC38}.Release|Any CPU.ActiveCfg = Release|Any CPU
		{5C5C5478-9C08-4E76-97A0-0A282923CC38}.Release|Any CPU.Build.0 = Release|Any CPU
	EndGlobalSection
	GlobalSection(SolutionProperties) = preSolution
		HideSolutionNode = FALSE
	EndGlobalSection
	GlobalSection(ExtensibilityGlobals) = postSolution
		SolutionGuid = {1EA0BE68-7D9C-485E-87B6-E2FF83700A57}
	EndGlobalSection
EndGlobal
